
Microsoft Visual Studio Solution File, Format Version 12.00
# Visual Studio Version 17
VisualStudioVersion = 17.2.32630.192
MinimumVisualStudioVersion = 10.0.40219.1
Project("{9A19103F-16F7-4668-BE54-9A1E7A4F7556}") = "Index.Core", "src\Index.Core\Index.Core.csproj", "{FCF49A60-4811-49A4-9C11-E7713E95B12A}"
EndProject
Project("{9A19103F-16F7-4668-BE54-9A1E7A4F7556}") = "Index.Domain", "src\Index.Domain\Index.Domain.csproj", "{A690927C-FFF2-478D-BADA-702A67C189B4}"
EndProject
Project("{9A19103F-16F7-4668-BE54-9A1E7A4F7556}") = "Index.App", "src\Index.App\Index.App.csproj", "{B494DA17-4423-4F62-BAEB-CEE6671A3604}"
EndProject
Project("{2150E333-8FDC-42A3-9474-1A3956D46DE8}") = "Profiles", "Profiles", "{40D760FB-2918-496B-9DAE-05F86684B958}"
EndProject
Project("{9A19103F-16F7-4668-BE54-9A1E7A4F7556}") = "Index.UI", "src\Index.UI\Index.UI.csproj", "{A360FD28-F6E2-4233-BCE2-47B575D81CD8}"
EndProject
Project("{9A19103F-16F7-4668-BE54-9A1E7A4F7556}") = "Index.Profiles.HaloCEA", "src\Profiles\Index.Profiles.HaloCEA\Index.Profiles.HaloCEA.csproj", "{C7F68969-8E3C-4A69-A7AE-53E32BB64451}"
EndProject
Project("{2150E333-8FDC-42A3-9474-1A3956D46DE8}") = "Modules", "Modules", "{930CFEFD-5610-4BBB-B82A-CBEC1338C4BD}"
EndProject
Project("{9A19103F-16F7-4668-BE54-9A1E7A4F7556}") = "Index.Modules.DataExplorer", "src\Modules\Index.Modules.DataExplorer\Index.Modules.DataExplorer.csproj", "{3C045BED-F03E-4758-991F-EA133EDBBB92}"
EndProject
Project("{9A19103F-16F7-4668-BE54-9A1E7A4F7556}") = "Index.Modules.Logging", "src\Modules\Index.Modules.Logging\Index.Modules.Logging.csproj", "{BF7FACC5-09AE-4F3F-B830-5D01A8CB40AF}"
EndProject
Project("{9A19103F-16F7-4668-BE54-9A1E7A4F7556}") = "Index.Modules.JobManager", "src\Modules\Index.Modules.JobManager\Index.Modules.JobManager.csproj", "{9AEA13BF-DBC8-4944-BAB6-A9CECC7E62C7}"
EndProject
Project("{9A19103F-16F7-4668-BE54-9A1E7A4F7556}") = "Index.Modules.TextureEditor", "src\Modules\Index.Modules.TextureEditor\Index.Modules.TextureEditor.csproj", "{F8B10BAD-750B-47B1-AA50-094A77C08439}"
EndProject
Project("{2150E333-8FDC-42A3-9474-1A3956D46DE8}") = "external", "external", "{288A106C-EA68-4E26-8A3F-F77CE14B6006}"
EndProject
Project("{9A19103F-16F7-4668-BE54-9A1E7A4F7556}") = "LibSaber.HaloCEA", "external\LibSaber\src\LibSaber.HaloCEA\LibSaber.HaloCEA.csproj", "{D7A76CB5-CF4C-4C3A-9AE0-48246BFBB58A}"
EndProject
Project("{9A19103F-16F7-4668-BE54-9A1E7A4F7556}") = "LibSaber", "external\LibSaber\src\LibSaber\LibSaber.csproj", "{1BE2A012-9466-489D-BC6F-23D06D5151BF}"
EndProject
Project("{9A19103F-16F7-4668-BE54-9A1E7A4F7556}") = "Index.Modules.MeshEditor", "src\Modules\Index.Modules.MeshEditor\Index.Modules.MeshEditor.csproj", "{53DC9A5B-CAB0-4E6F-AE18-B903BDC5647E}"
EndProject
Project("{9A19103F-16F7-4668-BE54-9A1E7A4F7556}") = "Index.Modules.TextEditor", "src\Modules\Index.Modules.TextEditor\Index.Modules.TextEditor.csproj", "{78212B17-F20C-4106-BDE0-702368B932FD}"
EndProject
Project("{9A19103F-16F7-4668-BE54-9A1E7A4F7556}") = "LibSaber.Halo2A", "external\LibSaber\src\LibSaber.Halo2A\LibSaber.Halo2A.csproj", "{8A9B7B6C-3B02-459D-A10B-662359137101}"
EndProject
Project("{9A19103F-16F7-4668-BE54-9A1E7A4F7556}") = "Index.Profiles.Halo2A", "src\Profiles\Index.Profiles.Halo2A\Index.Profiles.Halo2A.csproj", "{F8805668-5CC1-4163-BA79-83B752CA4BE0}"
EndProject
Project("{9A19103F-16F7-4668-BE54-9A1E7A4F7556}") = "Testbed", "Testbed\Testbed.csproj", "{DD2D3795-782B-4FCF-A22E-AFC5DBB8DF2E}"
EndProject
Project("{9A19103F-16F7-4668-BE54-9A1E7A4F7556}") = "LibSaber.SpaceMarine2", "..\LibSaber\LibSaber.SpaceMarine2\LibSaber.SpaceMarine2.csproj", "{CEBB664F-EE4A-467D-A229-487EAF5EC18A}"
EndProject
Project("{FAE04EC0-301F-11D3-BF4B-00C04F79EFBC}") = "Index.Profiles.SpaceMarine2", "src\Profiles\Index.Profiles.SpaceMarine2\Index.Profiles.SpaceMarine2.csproj", "{0DDF1EF5-F14E-4F6B-A7E9-F36A540D6401}"
EndProject
Global
	GlobalSection(SolutionConfigurationPlatforms) = preSolution
		Debug|Any CPU = Debug|Any CPU
		Debug|x64 = Debug|x64
		Release|Any CPU = Release|Any CPU
		Release|x64 = Release|x64
	EndGlobalSection
	GlobalSection(ProjectConfigurationPlatforms) = postSolution
		{FCF49A60-4811-49A4-9C11-E7713E95B12A}.Debug|Any CPU.ActiveCfg = Debug|Any CPU
		{FCF49A60-4811-49A4-9C11-E7713E95B12A}.Debug|Any CPU.Build.0 = Debug|Any CPU
		{FCF49A60-4811-49A4-9C11-E7713E95B12A}.Debug|x64.ActiveCfg = Debug|Any CPU
		{FCF49A60-4811-49A4-9C11-E7713E95B12A}.Debug|x64.Build.0 = Debug|Any CPU
		{FCF49A60-4811-49A4-9C11-E7713E95B12A}.Release|Any CPU.ActiveCfg = Release|Any CPU
		{FCF49A60-4811-49A4-9C11-E7713E95B12A}.Release|Any CPU.Build.0 = Release|Any CPU
		{FCF49A60-4811-49A4-9C11-E7713E95B12A}.Release|x64.ActiveCfg = Release|Any CPU
		{FCF49A60-4811-49A4-9C11-E7713E95B12A}.Release|x64.Build.0 = Release|Any CPU
		{A690927C-FFF2-478D-BADA-702A67C189B4}.Debug|Any CPU.ActiveCfg = Debug|Any CPU
		{A690927C-FFF2-478D-BADA-702A67C189B4}.Debug|Any CPU.Build.0 = Debug|Any CPU
		{A690927C-FFF2-478D-BADA-702A67C189B4}.Debug|x64.ActiveCfg = Debug|Any CPU
		{A690927C-FFF2-478D-BADA-702A67C189B4}.Debug|x64.Build.0 = Debug|Any CPU
		{A690927C-FFF2-478D-BADA-702A67C189B4}.Release|Any CPU.ActiveCfg = Release|Any CPU
		{A690927C-FFF2-478D-BADA-702A67C189B4}.Release|Any CPU.Build.0 = Release|Any CPU
		{A690927C-FFF2-478D-BADA-702A67C189B4}.Release|x64.ActiveCfg = Release|Any CPU
		{A690927C-FFF2-478D-BADA-702A67C189B4}.Release|x64.Build.0 = Release|Any CPU
		{B494DA17-4423-4F62-BAEB-CEE6671A3604}.Debug|Any CPU.ActiveCfg = Debug|Any CPU
		{B494DA17-4423-4F62-BAEB-CEE6671A3604}.Debug|Any CPU.Build.0 = Debug|Any CPU
		{B494DA17-4423-4F62-BAEB-CEE6671A3604}.Debug|x64.ActiveCfg = Debug|Any CPU
		{B494DA17-4423-4F62-BAEB-CEE6671A3604}.Debug|x64.Build.0 = Debug|Any CPU
		{B494DA17-4423-4F62-BAEB-CEE6671A3604}.Release|Any CPU.ActiveCfg = Release|Any CPU
		{B494DA17-4423-4F62-BAEB-CEE6671A3604}.Release|Any CPU.Build.0 = Release|Any CPU
		{B494DA17-4423-4F62-BAEB-CEE6671A3604}.Release|x64.ActiveCfg = Release|Any CPU
		{B494DA17-4423-4F62-BAEB-CEE6671A3604}.Release|x64.Build.0 = Release|Any CPU
		{A360FD28-F6E2-4233-BCE2-47B575D81CD8}.Debug|Any CPU.ActiveCfg = Debug|Any CPU
		{A360FD28-F6E2-4233-BCE2-47B575D81CD8}.Debug|Any CPU.Build.0 = Debug|Any CPU
		{A360FD28-F6E2-4233-BCE2-47B575D81CD8}.Debug|x64.ActiveCfg = Debug|Any CPU
		{A360FD28-F6E2-4233-BCE2-47B575D81CD8}.Debug|x64.Build.0 = Debug|Any CPU
		{A360FD28-F6E2-4233-BCE2-47B575D81CD8}.Release|Any CPU.ActiveCfg = Release|Any CPU
		{A360FD28-F6E2-4233-BCE2-47B575D81CD8}.Release|Any CPU.Build.0 = Release|Any CPU
		{A360FD28-F6E2-4233-BCE2-47B575D81CD8}.Release|x64.ActiveCfg = Release|Any CPU
		{A360FD28-F6E2-4233-BCE2-47B575D81CD8}.Release|x64.Build.0 = Release|Any CPU
		{C7F68969-8E3C-4A69-A7AE-53E32BB64451}.Debug|Any CPU.ActiveCfg = Debug|Any CPU
		{C7F68969-8E3C-4A69-A7AE-53E32BB64451}.Debug|Any CPU.Build.0 = Debug|Any CPU
		{C7F68969-8E3C-4A69-A7AE-53E32BB64451}.Debug|x64.ActiveCfg = Debug|Any CPU
		{C7F68969-8E3C-4A69-A7AE-53E32BB64451}.Debug|x64.Build.0 = Debug|Any CPU
		{C7F68969-8E3C-4A69-A7AE-53E32BB64451}.Release|Any CPU.ActiveCfg = Release|Any CPU
		{C7F68969-8E3C-4A69-A7AE-53E32BB64451}.Release|Any CPU.Build.0 = Release|Any CPU
		{C7F68969-8E3C-4A69-A7AE-53E32BB64451}.Release|x64.ActiveCfg = Release|Any CPU
		{C7F68969-8E3C-4A69-A7AE-53E32BB64451}.Release|x64.Build.0 = Release|Any CPU
		{3C045BED-F03E-4758-991F-EA133EDBBB92}.Debug|Any CPU.ActiveCfg = Debug|Any CPU
		{3C045BED-F03E-4758-991F-EA133EDBBB92}.Debug|Any CPU.Build.0 = Debug|Any CPU
		{3C045BED-F03E-4758-991F-EA133EDBBB92}.Debug|x64.ActiveCfg = Debug|Any CPU
		{3C045BED-F03E-4758-991F-EA133EDBBB92}.Debug|x64.Build.0 = Debug|Any CPU
		{3C045BED-F03E-4758-991F-EA133EDBBB92}.Release|Any CPU.ActiveCfg = Release|Any CPU
		{3C045BED-F03E-4758-991F-EA133EDBBB92}.Release|Any CPU.Build.0 = Release|Any CPU
		{3C045BED-F03E-4758-991F-EA133EDBBB92}.Release|x64.ActiveCfg = Release|Any CPU
		{3C045BED-F03E-4758-991F-EA133EDBBB92}.Release|x64.Build.0 = Release|Any CPU
		{BF7FACC5-09AE-4F3F-B830-5D01A8CB40AF}.Debug|Any CPU.ActiveCfg = Debug|Any CPU
		{BF7FACC5-09AE-4F3F-B830-5D01A8CB40AF}.Debug|Any CPU.Build.0 = Debug|Any CPU
		{BF7FACC5-09AE-4F3F-B830-5D01A8CB40AF}.Debug|x64.ActiveCfg = Debug|Any CPU
		{BF7FACC5-09AE-4F3F-B830-5D01A8CB40AF}.Debug|x64.Build.0 = Debug|Any CPU
		{BF7FACC5-09AE-4F3F-B830-5D01A8CB40AF}.Release|Any CPU.ActiveCfg = Release|Any CPU
		{BF7FACC5-09AE-4F3F-B830-5D01A8CB40AF}.Release|Any CPU.Build.0 = Release|Any CPU
		{BF7FACC5-09AE-4F3F-B830-5D01A8CB40AF}.Release|x64.ActiveCfg = Release|Any CPU
		{BF7FACC5-09AE-4F3F-B830-5D01A8CB40AF}.Release|x64.Build.0 = Release|Any CPU
		{9AEA13BF-DBC8-4944-BAB6-A9CECC7E62C7}.Debug|Any CPU.ActiveCfg = Debug|Any CPU
		{9AEA13BF-DBC8-4944-BAB6-A9CECC7E62C7}.Debug|Any CPU.Build.0 = Debug|Any CPU
		{9AEA13BF-DBC8-4944-BAB6-A9CECC7E62C7}.Debug|x64.ActiveCfg = Debug|Any CPU
		{9AEA13BF-DBC8-4944-BAB6-A9CECC7E62C7}.Debug|x64.Build.0 = Debug|Any CPU
		{9AEA13BF-DBC8-4944-BAB6-A9CECC7E62C7}.Release|Any CPU.ActiveCfg = Release|Any CPU
		{9AEA13BF-DBC8-4944-BAB6-A9CECC7E62C7}.Release|Any CPU.Build.0 = Release|Any CPU
		{9AEA13BF-DBC8-4944-BAB6-A9CECC7E62C7}.Release|x64.ActiveCfg = Release|Any CPU
		{9AEA13BF-DBC8-4944-BAB6-A9CECC7E62C7}.Release|x64.Build.0 = Release|Any CPU
		{F8B10BAD-750B-47B1-AA50-094A77C08439}.Debug|Any CPU.ActiveCfg = Debug|Any CPU
		{F8B10BAD-750B-47B1-AA50-094A77C08439}.Debug|Any CPU.Build.0 = Debug|Any CPU
		{F8B10BAD-750B-47B1-AA50-094A77C08439}.Debug|x64.ActiveCfg = Debug|Any CPU
		{F8B10BAD-750B-47B1-AA50-094A77C08439}.Debug|x64.Build.0 = Debug|Any CPU
		{F8B10BAD-750B-47B1-AA50-094A77C08439}.Release|Any CPU.ActiveCfg = Release|Any CPU
		{F8B10BAD-750B-47B1-AA50-094A77C08439}.Release|Any CPU.Build.0 = Release|Any CPU
		{F8B10BAD-750B-47B1-AA50-094A77C08439}.Release|x64.ActiveCfg = Release|Any CPU
		{F8B10BAD-750B-47B1-AA50-094A77C08439}.Release|x64.Build.0 = Release|Any CPU
		{D7A76CB5-CF4C-4C3A-9AE0-48246BFBB58A}.Debug|Any CPU.ActiveCfg = Debug|Any CPU
		{D7A76CB5-CF4C-4C3A-9AE0-48246BFBB58A}.Debug|Any CPU.Build.0 = Debug|Any CPU
		{D7A76CB5-CF4C-4C3A-9AE0-48246BFBB58A}.Debug|x64.ActiveCfg = Debug|x64
		{D7A76CB5-CF4C-4C3A-9AE0-48246BFBB58A}.Debug|x64.Build.0 = Debug|x64
		{D7A76CB5-CF4C-4C3A-9AE0-48246BFBB58A}.Release|Any CPU.ActiveCfg = Release|Any CPU
		{D7A76CB5-CF4C-4C3A-9AE0-48246BFBB58A}.Release|Any CPU.Build.0 = Release|Any CPU
		{D7A76CB5-CF4C-4C3A-9AE0-48246BFBB58A}.Release|x64.ActiveCfg = Release|x64
		{D7A76CB5-CF4C-4C3A-9AE0-48246BFBB58A}.Release|x64.Build.0 = Release|x64
		{1BE2A012-9466-489D-BC6F-23D06D5151BF}.Debug|Any CPU.ActiveCfg = Debug|Any CPU
		{1BE2A012-9466-489D-BC6F-23D06D5151BF}.Debug|Any CPU.Build.0 = Debug|Any CPU
		{1BE2A012-9466-489D-BC6F-23D06D5151BF}.Debug|x64.ActiveCfg = Debug|x64
		{1BE2A012-9466-489D-BC6F-23D06D5151BF}.Debug|x64.Build.0 = Debug|x64
		{1BE2A012-9466-489D-BC6F-23D06D5151BF}.Release|Any CPU.ActiveCfg = Release|Any CPU
		{1BE2A012-9466-489D-BC6F-23D06D5151BF}.Release|Any CPU.Build.0 = Release|Any CPU
		{1BE2A012-9466-489D-BC6F-23D06D5151BF}.Release|x64.ActiveCfg = Release|x64
		{1BE2A012-9466-489D-BC6F-23D06D5151BF}.Release|x64.Build.0 = Release|x64
		{53DC9A5B-CAB0-4E6F-AE18-B903BDC5647E}.Debug|Any CPU.ActiveCfg = Debug|Any CPU
		{53DC9A5B-CAB0-4E6F-AE18-B903BDC5647E}.Debug|Any CPU.Build.0 = Debug|Any CPU
		{53DC9A5B-CAB0-4E6F-AE18-B903BDC5647E}.Debug|x64.ActiveCfg = Debug|Any CPU
		{53DC9A5B-CAB0-4E6F-AE18-B903BDC5647E}.Debug|x64.Build.0 = Debug|Any CPU
		{53DC9A5B-CAB0-4E6F-AE18-B903BDC5647E}.Release|Any CPU.ActiveCfg = Release|Any CPU
		{53DC9A5B-CAB0-4E6F-AE18-B903BDC5647E}.Release|Any CPU.Build.0 = Release|Any CPU
		{53DC9A5B-CAB0-4E6F-AE18-B903BDC5647E}.Release|x64.ActiveCfg = Release|Any CPU
		{53DC9A5B-CAB0-4E6F-AE18-B903BDC5647E}.Release|x64.Build.0 = Release|Any CPU
		{78212B17-F20C-4106-BDE0-702368B932FD}.Debug|Any CPU.ActiveCfg = Debug|Any CPU
		{78212B17-F20C-4106-BDE0-702368B932FD}.Debug|Any CPU.Build.0 = Debug|Any CPU
		{78212B17-F20C-4106-BDE0-702368B932FD}.Debug|x64.ActiveCfg = Debug|Any CPU
		{78212B17-F20C-4106-BDE0-702368B932FD}.Debug|x64.Build.0 = Debug|Any CPU
		{78212B17-F20C-4106-BDE0-702368B932FD}.Release|Any CPU.ActiveCfg = Release|Any CPU
		{78212B17-F20C-4106-BDE0-702368B932FD}.Release|Any CPU.Build.0 = Release|Any CPU
		{78212B17-F20C-4106-BDE0-702368B932FD}.Release|x64.ActiveCfg = Release|Any CPU
		{78212B17-F20C-4106-BDE0-702368B932FD}.Release|x64.Build.0 = Release|Any CPU
		{8A9B7B6C-3B02-459D-A10B-662359137101}.Debug|Any CPU.ActiveCfg = Debug|Any CPU
		{8A9B7B6C-3B02-459D-A10B-662359137101}.Debug|Any CPU.Build.0 = Debug|Any CPU
		{8A9B7B6C-3B02-459D-A10B-662359137101}.Debug|x64.ActiveCfg = Debug|Any CPU
		{8A9B7B6C-3B02-459D-A10B-662359137101}.Debug|x64.Build.0 = Debug|Any CPU
		{8A9B7B6C-3B02-459D-A10B-662359137101}.Release|Any CPU.ActiveCfg = Release|Any CPU
		{8A9B7B6C-3B02-459D-A10B-662359137101}.Release|Any CPU.Build.0 = Release|Any CPU
		{8A9B7B6C-3B02-459D-A10B-662359137101}.Release|x64.ActiveCfg = Release|Any CPU
		{8A9B7B6C-3B02-459D-A10B-662359137101}.Release|x64.Build.0 = Release|Any CPU
		{F8805668-5CC1-4163-BA79-83B752CA4BE0}.Debug|Any CPU.ActiveCfg = Debug|Any CPU
		{F8805668-5CC1-4163-BA79-83B752CA4BE0}.Debug|Any CPU.Build.0 = Debug|Any CPU
		{F8805668-5CC1-4163-BA79-83B752CA4BE0}.Debug|x64.ActiveCfg = Debug|Any CPU
		{F8805668-5CC1-4163-BA79-83B752CA4BE0}.Debug|x64.Build.0 = Debug|Any CPU
		{F8805668-5CC1-4163-BA79-83B752CA4BE0}.Release|Any CPU.ActiveCfg = Release|Any CPU
		{F8805668-5CC1-4163-BA79-83B752CA4BE0}.Release|Any CPU.Build.0 = Release|Any CPU
		{F8805668-5CC1-4163-BA79-83B752CA4BE0}.Release|x64.ActiveCfg = Release|Any CPU
		{F8805668-5CC1-4163-BA79-83B752CA4BE0}.Release|x64.Build.0 = Release|Any CPU
		{DD2D3795-782B-4FCF-A22E-AFC5DBB8DF2E}.Debug|Any CPU.ActiveCfg = Debug|Any CPU
		{DD2D3795-782B-4FCF-A22E-AFC5DBB8DF2E}.Debug|Any CPU.Build.0 = Debug|Any CPU
		{DD2D3795-782B-4FCF-A22E-AFC5DBB8DF2E}.Debug|x64.ActiveCfg = Debug|Any CPU
		{DD2D3795-782B-4FCF-A22E-AFC5DBB8DF2E}.Debug|x64.Build.0 = Debug|Any CPU
		{DD2D3795-782B-4FCF-A22E-AFC5DBB8DF2E}.Release|Any CPU.ActiveCfg = Release|Any CPU
		{DD2D3795-782B-4FCF-A22E-AFC5DBB8DF2E}.Release|Any CPU.Build.0 = Release|Any CPU
		{DD2D3795-782B-4FCF-A22E-AFC5DBB8DF2E}.Release|x64.ActiveCfg = Release|Any CPU
		{DD2D3795-782B-4FCF-A22E-AFC5DBB8DF2E}.Release|x64.Build.0 = Release|Any CPU
		{CEBB664F-EE4A-467D-A229-487EAF5EC18A}.Debug|Any CPU.ActiveCfg = Debug|Any CPU
		{CEBB664F-EE4A-467D-A229-487EAF5EC18A}.Debug|Any CPU.Build.0 = Debug|Any CPU
		{CEBB664F-EE4A-467D-A229-487EAF5EC18A}.Debug|x64.ActiveCfg = Debug|Any CPU
		{CEBB664F-EE4A-467D-A229-487EAF5EC18A}.Debug|x64.Build.0 = Debug|Any CPU
		{CEBB664F-EE4A-467D-A229-487EAF5EC18A}.Release|Any CPU.ActiveCfg = Release|Any CPU
		{CEBB664F-EE4A-467D-A229-487EAF5EC18A}.Release|Any CPU.Build.0 = Release|Any CPU
		{CEBB664F-EE4A-467D-A229-487EAF5EC18A}.Release|x64.ActiveCfg = Release|Any CPU
		{CEBB664F-EE4A-467D-A229-487EAF5EC18A}.Release|x64.Build.0 = Release|Any CPU
		{0DDF1EF5-F14E-4F6B-A7E9-F36A540D6401}.Debug|Any CPU.ActiveCfg = Debug|Any CPU
		{0DDF1EF5-F14E-4F6B-A7E9-F36A540D6401}.Debug|Any CPU.Build.0 = Debug|Any CPU
		{0DDF1EF5-F14E-4F6B-A7E9-F36A540D6401}.Debug|x64.ActiveCfg = Debug|Any CPU
		{0DDF1EF5-F14E-4F6B-A7E9-F36A540D6401}.Debug|x64.Build.0 = Debug|Any CPU
		{0DDF1EF5-F14E-4F6B-A7E9-F36A540D6401}.Release|Any CPU.ActiveCfg = Release|Any CPU
		{0DDF1EF5-F14E-4F6B-A7E9-F36A540D6401}.Release|Any CPU.Build.0 = Release|Any CPU
		{0DDF1EF5-F14E-4F6B-A7E9-F36A540D6401}.Release|x64.ActiveCfg = Release|Any CPU
		{0DDF1EF5-F14E-4F6B-A7E9-F36A540D6401}.Release|x64.Build.0 = Release|Any CPU
	EndGlobalSection
	GlobalSection(SolutionProperties) = preSolution
		HideSolutionNode = FALSE
	EndGlobalSection
	GlobalSection(NestedProjects) = preSolution
		{C7F68969-8E3C-4A69-A7AE-53E32BB64451} = {40D760FB-2918-496B-9DAE-05F86684B958}
		{3C045BED-F03E-4758-991F-EA133EDBBB92} = {930CFEFD-5610-4BBB-B82A-CBEC1338C4BD}
		{BF7FACC5-09AE-4F3F-B830-5D01A8CB40AF} = {930CFEFD-5610-4BBB-B82A-CBEC1338C4BD}
		{9AEA13BF-DBC8-4944-BAB6-A9CECC7E62C7} = {930CFEFD-5610-4BBB-B82A-CBEC1338C4BD}
		{F8B10BAD-750B-47B1-AA50-094A77C08439} = {930CFEFD-5610-4BBB-B82A-CBEC1338C4BD}
		{D7A76CB5-CF4C-4C3A-9AE0-48246BFBB58A} = {288A106C-EA68-4E26-8A3F-F77CE14B6006}
		{1BE2A012-9466-489D-BC6F-23D06D5151BF} = {288A106C-EA68-4E26-8A3F-F77CE14B6006}
		{53DC9A5B-CAB0-4E6F-AE18-B903BDC5647E} = {930CFEFD-5610-4BBB-B82A-CBEC1338C4BD}
		{78212B17-F20C-4106-BDE0-702368B932FD} = {930CFEFD-5610-4BBB-B82A-CBEC1338C4BD}
		{8A9B7B6C-3B02-459D-A10B-662359137101} = {288A106C-EA68-4E26-8A3F-F77CE14B6006}
		{F8805668-5CC1-4163-BA79-83B752CA4BE0} = {40D760FB-2918-496B-9DAE-05F86684B958}
		{CEBB664F-EE4A-467D-A229-487EAF5EC18A} = {288A106C-EA68-4E26-8A3F-F77CE14B6006}
		{0DDF1EF5-F14E-4F6B-A7E9-F36A540D6401} = {40D760FB-2918-496B-9DAE-05F86684B958}
	EndGlobalSection
	GlobalSection(ExtensibilityGlobals) = postSolution
		SolutionGuid = {6855B3DD-6FA8-4D39-96A2-C69AF901D39C}
	EndGlobalSection
EndGlobal
