
Microsoft Visual Studio Solution File, Format Version 12.00
# Visual Studio Version 17
VisualStudioVersion = 17.4.33110.190
MinimumVisualStudioVersion = 10.0.40219.1
Project("{9A19103F-16F7-4668-BE54-9A1E7A4F7556}") = "LibSaber", "src\LibSaber\LibSaber.csproj", "{F3BBD7DF-1A22-4B21-8C56-38635BBC0E82}"
EndProject
Project("{9A19103F-16F7-4668-BE54-9A1E7A4F7556}") = "LibSaber.HaloCEA", "src\LibSaber.HaloCEA\LibSaber.HaloCEA.csproj", "{0C540095-9D24-4510-B151-AF4AAF1EF533}"
EndProject
Project("{2150E333-8FDC-42A3-9474-1A3956D46DE8}") = "src", "src", "{1F6EF75E-9814-42CC-A164-2AE2CF6A0F13}"
EndProject
Project("{2150E333-8FDC-42A3-9474-1A3956D46DE8}") = "test", "test", "{FBD79F5E-BB22-4866-A091-C4A51508C781}"
EndProject
Project("{9A19103F-16F7-4668-BE54-9A1E7A4F7556}") = "LibSaber.HaloCEA.Tests", "test\LibSaber.HaloCEA.Tests\LibSaber.HaloCEA.Tests.csproj", "{79F1F0FC-C57B-4F79-8618-27A7598A4AB0}"
EndProject
Project("{9A19103F-16F7-4668-BE54-9A1E7A4F7556}") = "LibSaber.Tests", "test\LibSaber.Tests\LibSaber.Tests.csproj", "{6E707C45-7D9F-4289-B064-D23CF57037B8}"
EndProject
Project("{9A19103F-16F7-4668-BE54-9A1E7A4F7556}") = "Testbed", "test\Testbed\Testbed.csproj", "{01169C0F-9411-4E88-9C94-1BFDCF97861B}"
EndProject
Project("{FAE04EC0-301F-11D3-BF4B-00C04F79EFBC}") = "LibSaber.Halo2A", "src\LibSaber.Halo2A\LibSaber.Halo2A.csproj", "{645FD96E-05F1-4320-8BC3-AD9A2A64A114}"
EndProject
Global
	GlobalSection(SolutionConfigurationPlatforms) = preSolution
		Debug|Any CPU = Debug|Any CPU
		Release|Any CPU = Release|Any CPU
	EndGlobalSection
	GlobalSection(ProjectConfigurationPlatforms) = postSolution
		{F3BBD7DF-1A22-4B21-8C56-38635BBC0E82}.Debug|Any CPU.ActiveCfg = Debug|Any CPU
		{F3BBD7DF-1A22-4B21-8C56-38635BBC0E82}.Debug|Any CPU.Build.0 = Debug|Any CPU
		{F3BBD7DF-1A22-4B21-8C56-38635BBC0E82}.Release|Any CPU.ActiveCfg = Release|Any CPU
		{F3BBD7DF-1A22-4B21-8C56-38635BBC0E82}.Release|Any CPU.Build.0 = Release|Any CPU
		{0C540095-9D24-4510-B151-AF4AAF1EF533}.Debug|Any CPU.ActiveCfg = Debug|Any CPU
		{0C540095-9D24-4510-B151-AF4AAF1EF533}.Debug|Any CPU.Build.0 = Debug|Any CPU
		{0C540095-9D24-4510-B151-AF4AAF1EF533}.Release|Any CPU.ActiveCfg = Release|Any CPU
		{0C540095-9D24-4510-B151-AF4AAF1EF533}.Release|Any CPU.Build.0 = Release|Any CPU
		{79F1F0FC-C57B-4F79-8618-27A7598A4AB0}.Debug|Any CPU.ActiveCfg = Debug|Any CPU
		{79F1F0FC-C57B-4F79-8618-27A7598A4AB0}.Debug|Any CPU.Build.0 = Debug|Any CPU
		{79F1F0FC-C57B-4F79-8618-27A7598A4AB0}.Release|Any CPU.ActiveCfg = Release|Any CPU
		{79F1F0FC-C57B-4F79-8618-27A7598A4AB0}.Release|Any CPU.Build.0 = Release|Any CPU
		{6E707C45-7D9F-4289-B064-D23CF57037B8}.Debug|Any CPU.ActiveCfg = Debug|Any CPU
		{6E707C45-7D9F-4289-B064-D23CF57037B8}.Debug|Any CPU.Build.0 = Debug|Any CPU
		{6E707C45-7D9F-4289-B064-D23CF57037B8}.Release|Any CPU.ActiveCfg = Release|Any CPU
		{6E707C45-7D9F-4289-B064-D23CF57037B8}.Release|Any CPU.Build.0 = Release|Any CPU
		{01169C0F-9411-4E88-9C94-1BFDCF97861B}.Debug|Any CPU.ActiveCfg = Debug|Any CPU
		{01169C0F-9411-4E88-9C94-1BFDCF97861B}.Debug|Any CPU.Build.0 = Debug|Any CPU
		{01169C0F-9411-4E88-9C94-1BFDCF97861B}.Release|Any CPU.ActiveCfg = Release|Any CPU
		{01169C0F-9411-4E88-9C94-1BFDCF97861B}.Release|Any CPU.Build.0 = Release|Any CPU
		{645FD96E-05F1-4320-8BC3-AD9A2A64A114}.Debug|Any CPU.ActiveCfg = Debug|Any CPU
		{645FD96E-05F1-4320-8BC3-AD9A2A64A114}.Debug|Any CPU.Build.0 = Debug|Any CPU
		{645FD96E-05F1-4320-8BC3-AD9A2A64A114}.Release|Any CPU.ActiveCfg = Release|Any CPU
		{645FD96E-05F1-4320-8BC3-AD9A2A64A114}.Release|Any CPU.Build.0 = Release|Any CPU
	EndGlobalSection
	GlobalSection(SolutionProperties) = preSolution
		HideSolutionNode = FALSE
	EndGlobalSection
	GlobalSection(NestedProjects) = preSolution
		{F3BBD7DF-1A22-4B21-8C56-38635BBC0E82} = {1F6EF75E-9814-42CC-A164-2AE2CF6A0F13}
		{0C540095-9D24-4510-B151-AF4AAF1EF533} = {1F6EF75E-9814-42CC-A164-2AE2CF6A0F13}
		{79F1F0FC-C57B-4F79-8618-27A7598A4AB0} = {FBD79F5E-BB22-4866-A091-C4A51508C781}
		{6E707C45-7D9F-4289-B064-D23CF57037B8} = {FBD79F5E-BB22-4866-A091-C4A51508C781}
		{01169C0F-9411-4E88-9C94-1BFDCF97861B} = {FBD79F5E-BB22-4866-A091-C4A51508C781}
		{645FD96E-05F1-4320-8BC3-AD9A2A64A114} = {1F6EF75E-9814-42CC-A164-2AE2CF6A0F13}
	EndGlobalSection
	GlobalSection(ExtensibilityGlobals) = postSolution
		SolutionGuid = {2BE0D65A-E2FA-4FEC-950B-6A50762C030E}
	EndGlobalSection
EndGlobal
